
Microsoft Visual Studio Solution File, Format Version 12.00
# Visual Studio Version 17
VisualStudioVersion = 17.5.33516.290
MinimumVisualStudioVersion = 10.0.40219.1
Project("{9A19103F-16F7-4668-BE54-9A1E7A4F7556}") = "CodilityTestProblems", "CodilityTestProblems\CodilityTestProblems.csproj", "{58A299E3-31E4-47E8-B93B-6842C5F2E3CD}"
EndProject
Project("{FAE04EC0-301F-11D3-BF4B-00C04F79EFBC}") = "CodilityTests", "CodilityTests\CodilityTests.csproj", "{FF73182F-DDAA-41B4-9680-4A9A1F26AEDC}"
EndProject
Global
	GlobalSection(SolutionConfigurationPlatforms) = preSolution
		Debug|Any CPU = Debug|Any CPU
		Release|Any CPU = Release|Any CPU
	EndGlobalSection
	GlobalSection(ProjectConfigurationPlatforms) = postSolution
		{58A299E3-31E4-47E8-B93B-6842C5F2E3CD}.Debug|Any CPU.ActiveCfg = Debug|Any CPU
		{58A299E3-31E4-47E8-B93B-6842C5F2E3CD}.Debug|Any CPU.Build.0 = Debug|Any CPU
		{58A299E3-31E4-47E8-B93B-6842C5F2E3CD}.Release|Any CPU.ActiveCfg = Release|Any CPU
		{58A299E3-31E4-47E8-B93B-6842C5F2E3CD}.Release|Any CPU.Build.0 = Release|Any CPU
		{FF73182F-DDAA-41B4-9680-4A9A1F26AEDC}.Debug|Any CPU.ActiveCfg = Debug|Any CPU
		{FF73182F-DDAA-41B4-9680-4A9A1F26AEDC}.Debug|Any CPU.Build.0 = Debug|Any CPU
		{FF73182F-DDAA-41B4-9680-4A9A1F26AEDC}.Release|Any CPU.ActiveCfg = Release|Any CPU
		{FF73182F-DDAA-41B4-9680-4A9A1F26AEDC}.Release|Any CPU.Build.0 = Release|Any CPU
	EndGlobalSection
	GlobalSection(SolutionProperties) = preSolution
		HideSolutionNode = FALSE
	EndGlobalSection
	GlobalSection(ExtensibilityGlobals) = postSolution
		SolutionGuid = {1C0C7746-8954-4BCA-9C76-48D2A04E36A4}
	EndGlobalSection
EndGlobal
